
Microsoft Visual Studio Solution File, Format Version 12.00
# Visual Studio Version 16
VisualStudioVersion = 16.0.31410.357
MinimumVisualStudioVersion = 10.0.40219.1
Project("{FAE04EC0-301F-11D3-BF4B-00C04F79EFBC}") = "Twitch Bulk Downloads", "Twitch Bulk Downloads\Twitch Bulk Downloads.csproj", "{39A3D83B-540F-4CBE-A209-08A67437ED17}"
EndProject
Global
	GlobalSection(SolutionConfigurationPlatforms) = preSolution
		Debug|Any CPU = Debug|Any CPU
		Release|Any CPU = Release|Any CPU
	EndGlobalSection
	GlobalSection(ProjectConfigurationPlatforms) = postSolution
		{39A3D83B-540F-4CBE-A209-08A67437ED17}.Debug|Any CPU.ActiveCfg = Debug|Any CPU
		{39A3D83B-540F-4CBE-A209-08A67437ED17}.Debug|Any CPU.Build.0 = Debug|Any CPU
		{39A3D83B-540F-4CBE-A209-08A67437ED17}.Release|Any CPU.ActiveCfg = Release|Any CPU
		{39A3D83B-540F-4CBE-A209-08A67437ED17}.Release|Any CPU.Build.0 = Release|Any CPU
	EndGlobalSection
	GlobalSection(SolutionProperties) = preSolution
		HideSolutionNode = FALSE
	EndGlobalSection
	GlobalSection(ExtensibilityGlobals) = postSolution
		SolutionGuid = {134B2348-1224-4357-8758-87EEDB226C44}
	EndGlobalSection
EndGlobal
